
Microsoft Visual Studio Solution File, Format Version 12.00
# Visual Studio Version 16
VisualStudioVersion = 16.0.30717.126
MinimumVisualStudioVersion = 10.0.40219.1
Project("{FAE04EC0-301F-11D3-BF4B-00C04F79EFBC}") = "ONT2000-PROJECT-2020", "ONT2000-PROJECT-2020\ONT2000-PROJECT-2020.csproj", "{D8CA6991-D9CE-42AF-812C-23ECA31B9F70}"
EndProject
Project("{FAE04EC0-301F-11D3-BF4B-00C04F79EFBC}") = "DAL", "DAL\DAL.csproj", "{7B48C680-83FA-4C0B-8487-EBBA40DAE5E0}"
EndProject
Project("{FAE04EC0-301F-11D3-BF4B-00C04F79EFBC}") = "BLL", "BLL\BLL.csproj", "{F6A4290A-53B9-49D6-88FE-235681BB95D2}"
EndProject
Global
	GlobalSection(SolutionConfigurationPlatforms) = preSolution
		Debug|Any CPU = Debug|Any CPU
		Release|Any CPU = Release|Any CPU
	EndGlobalSection
	GlobalSection(ProjectConfigurationPlatforms) = postSolution
		{D8CA6991-D9CE-42AF-812C-23ECA31B9F70}.Debug|Any CPU.ActiveCfg = Debug|Any CPU
		{D8CA6991-D9CE-42AF-812C-23ECA31B9F70}.Debug|Any CPU.Build.0 = Debug|Any CPU
		{D8CA6991-D9CE-42AF-812C-23ECA31B9F70}.Release|Any CPU.ActiveCfg = Release|Any CPU
		{D8CA6991-D9CE-42AF-812C-23ECA31B9F70}.Release|Any CPU.Build.0 = Release|Any CPU
		{7B48C680-83FA-4C0B-8487-EBBA40DAE5E0}.Debug|Any CPU.ActiveCfg = Debug|Any CPU
		{7B48C680-83FA-4C0B-8487-EBBA40DAE5E0}.Debug|Any CPU.Build.0 = Debug|Any CPU
		{7B48C680-83FA-4C0B-8487-EBBA40DAE5E0}.Release|Any CPU.ActiveCfg = Release|Any CPU
		{7B48C680-83FA-4C0B-8487-EBBA40DAE5E0}.Release|Any CPU.Build.0 = Release|Any CPU
		{F6A4290A-53B9-49D6-88FE-235681BB95D2}.Debug|Any CPU.ActiveCfg = Debug|Any CPU
		{F6A4290A-53B9-49D6-88FE-235681BB95D2}.Debug|Any CPU.Build.0 = Debug|Any CPU
		{F6A4290A-53B9-49D6-88FE-235681BB95D2}.Release|Any CPU.ActiveCfg = Release|Any CPU
		{F6A4290A-53B9-49D6-88FE-235681BB95D2}.Release|Any CPU.Build.0 = Release|Any CPU
	EndGlobalSection
	GlobalSection(SolutionProperties) = preSolution
		HideSolutionNode = FALSE
	EndGlobalSection
	GlobalSection(ExtensibilityGlobals) = postSolution
		SolutionGuid = {D171385F-1F46-4C4D-9464-D97028EE3564}
	EndGlobalSection
EndGlobal
